
Microsoft Visual Studio Solution File, Format Version 12.00
# Visual Studio Version 17
VisualStudioVersion = 17.11.35312.102
MinimumVisualStudioVersion = 10.0.40219.1
Project("{9A19103F-16F7-4668-BE54-9A1E7A4F7556}") = "ImageCompressorDemo", "ImageCompressorDemo\ImageCompressorDemo.csproj", "{FF9948E2-1171-4A83-BF02-688D53E61631}"
EndProject
Global
	GlobalSection(SolutionConfigurationPlatforms) = preSolution
		Debug|Any CPU = Debug|Any CPU
		Debug|x86 = Debug|x86
		Release|Any CPU = Release|Any CPU
		Release|x86 = Release|x86
	EndGlobalSection
	GlobalSection(ProjectConfigurationPlatforms) = postSolution
		{FF9948E2-1171-4A83-BF02-688D53E61631}.Debug|Any CPU.ActiveCfg = Debug|Any CPU
		{FF9948E2-1171-4A83-BF02-688D53E61631}.Debug|Any CPU.Build.0 = Debug|Any CPU
		{FF9948E2-1171-4A83-BF02-688D53E61631}.Debug|x86.ActiveCfg = Debug|Any CPU
		{FF9948E2-1171-4A83-BF02-688D53E61631}.Debug|x86.Build.0 = Debug|Any CPU
		{FF9948E2-1171-4A83-BF02-688D53E61631}.Release|Any CPU.ActiveCfg = Release|Any CPU
		{FF9948E2-1171-4A83-BF02-688D53E61631}.Release|Any CPU.Build.0 = Release|Any CPU
		{FF9948E2-1171-4A83-BF02-688D53E61631}.Release|x86.ActiveCfg = Release|Any CPU
		{FF9948E2-1171-4A83-BF02-688D53E61631}.Release|x86.Build.0 = Release|Any CPU
	EndGlobalSection
	GlobalSection(SolutionProperties) = preSolution
		HideSolutionNode = FALSE
	EndGlobalSection
	GlobalSection(ExtensibilityGlobals) = postSolution
		SolutionGuid = {22CA863E-BD19-4B90-82F9-C9E372FEEBF2}
	EndGlobalSection
EndGlobal
